// !$*UTF8*$!
{
	archiveVersion = 1;
	classes = {
	};
	objectVersion = 48;
	objects = {

/* Begin PBXBuildFile section */
		782F6924200A3F0500F2509F /* AppDelegate.swift in Sources */ = {isa = PBXBuildFile; fileRef = 782F6923200A3F0500F2509F /* AppDelegate.swift */; };
		782F6929200A3F0500F2509F /* Main.storyboard in Resources */ = {isa = PBXBuildFile; fileRef = 782F6927200A3F0500F2509F /* Main.storyboard */; };
		782F692B200A3F0500F2509F /* Assets.xcassets in Resources */ = {isa = PBXBuildFile; fileRef = 782F692A200A3F0500F2509F /* Assets.xcassets */; };
		782F692E200A3F0500F2509F /* LaunchScreen.storyboard in Resources */ = {isa = PBXBuildFile; fileRef = 782F692C200A3F0500F2509F /* LaunchScreen.storyboard */; };
		782F6939200A3F0500F2509F /* ApepsKPITests.swift in Sources */ = {isa = PBXBuildFile; fileRef = 782F6938200A3F0500F2509F /* ApepsKPITests.swift */; };
		782F6944200A3F0500F2509F /* ApepsKPIUITests.swift in Sources */ = {isa = PBXBuildFile; fileRef = 782F6943200A3F0500F2509F /* ApepsKPIUITests.swift */; };
		782F6956200A7C0900F2509F /* Constants.swift in Sources */ = {isa = PBXBuildFile; fileRef = 782F6955200A7C0900F2509F /* Constants.swift */; };
		782F6959200A7C4700F2509F /* StringExtension.swift in Sources */ = {isa = PBXBuildFile; fileRef = 782F6958200A7C4600F2509F /* StringExtension.swift */; };
		782F6962200A7D3000F2509F /* RootRouter.swift in Sources */ = {isa = PBXBuildFile; fileRef = 782F6961200A7D3000F2509F /* RootRouter.swift */; };
		782F6964200A7D4700F2509F /* RootContract.swift in Sources */ = {isa = PBXBuildFile; fileRef = 782F6963200A7D4700F2509F /* RootContract.swift */; };
		782F696C200A8E8700F2509F /* AuthorizationContract.swift in Sources */ = {isa = PBXBuildFile; fileRef = 782F696B200A8E8700F2509F /* AuthorizationContract.swift */; };
		782F696E200A8FA900F2509F /* UserRoles.swift in Sources */ = {isa = PBXBuildFile; fileRef = 782F696D200A8FA900F2509F /* UserRoles.swift */; };
		782F6970200A904600F2509F /* UserCredentialsEntity.swift in Sources */ = {isa = PBXBuildFile; fileRef = 782F696F200A904600F2509F /* UserCredentialsEntity.swift */; };
		782F6972200A90D700F2509F /* UserEntity.swift in Sources */ = {isa = PBXBuildFile; fileRef = 782F6971200A90D700F2509F /* UserEntity.swift */; };
		782F6974200A91CF00F2509F /* AuthorizationInteractor.swift in Sources */ = {isa = PBXBuildFile; fileRef = 782F6973200A91CF00F2509F /* AuthorizationInteractor.swift */; };
		782F6976200A925E00F2509F /* AuthorizationPresenter.swift in Sources */ = {isa = PBXBuildFile; fileRef = 782F6975200A925E00F2509F /* AuthorizationPresenter.swift */; };
		782F6978200A933C00F2509F /* AuthorizationRouter.swift in Sources */ = {isa = PBXBuildFile; fileRef = 782F6977200A933C00F2509F /* AuthorizationRouter.swift */; };
		782F697A200A937400F2509F /* AuthorizationViewController.swift in Sources */ = {isa = PBXBuildFile; fileRef = 782F6979200A937400F2509F /* AuthorizationViewController.swift */; };
		782F697C200AA20800F2509F /* APIService.swift in Sources */ = {isa = PBXBuildFile; fileRef = 782F697B200AA20800F2509F /* APIService.swift */; };
		782F697D200AA24700F2509F /* Alamofire.framework in Frameworks */ = {isa = PBXBuildFile; fileRef = 782F6983200AA24700F2509F /* Alamofire.framework */; };
		782F697E200AA24700F2509F /* Moya.framework in Frameworks */ = {isa = PBXBuildFile; fileRef = 782F6984200AA24700F2509F /* Moya.framework */; };
		782F6980200AA24700F2509F /* RxAlamofire.framework in Frameworks */ = {isa = PBXBuildFile; fileRef = 782F6986200AA24700F2509F /* RxAlamofire.framework */; };
		782F6981200AA24700F2509F /* RxCocoa.framework in Frameworks */ = {isa = PBXBuildFile; fileRef = 782F6987200AA24700F2509F /* RxCocoa.framework */; };
		782F6982200AA24700F2509F /* RxSwift.framework in Frameworks */ = {isa = PBXBuildFile; fileRef = 782F6988200AA24700F2509F /* RxSwift.framework */; };
		782F6989200AA30600F2509F /* SwiftyJSON.framework in Frameworks */ = {isa = PBXBuildFile; fileRef = 782F698A200AA30600F2509F /* SwiftyJSON.framework */; };
		782F698D200AA53C00F2509F /* APEPSKyivUaRESTService.swift in Sources */ = {isa = PBXBuildFile; fileRef = 782F698C200AA53C00F2509F /* APEPSKyivUaRESTService.swift */; };
		782F698E200AB38000F2509F /* Moya_ObjectMapper.framework in Frameworks */ = {isa = PBXBuildFile; fileRef = 782F698F200AB38000F2509F /* Moya_ObjectMapper.framework */; };
		782F6992200AB65C00F2509F /* APEPSKyivUaRESTApiImpl.swift in Sources */ = {isa = PBXBuildFile; fileRef = 782F6991200AB65C00F2509F /* APEPSKyivUaRESTApiImpl.swift */; };
		782F6994200ABAE000F2509F /* RestApi.swift in Sources */ = {isa = PBXBuildFile; fileRef = 782F6993200ABAE000F2509F /* RestApi.swift */; };
		83A5F6F7632B328B7BADFBFE /* Pods_ApepsKPI.framework in Frameworks */ = {isa = PBXBuildFile; fileRef = 3885FFAB5BEE2AE9ABFE7C3E /* Pods_ApepsKPI.framework */; };
		D49A0ED678B9D34EE59FDDA1 /* Pods_ApepsKPITests.framework in Frameworks */ = {isa = PBXBuildFile; fileRef = 47C5F670771EFBD6B9D4E71B /* Pods_ApepsKPITests.framework */; };
/* End PBXBuildFile section */

/* Begin PBXContainerItemProxy section */
		782F6935200A3F0500F2509F /* PBXContainerItemProxy */ = {
			isa = PBXContainerItemProxy;
			containerPortal = 782F6918200A3F0500F2509F /* Project object */;
			proxyType = 1;
			remoteGlobalIDString = 782F691F200A3F0500F2509F;
			remoteInfo = ApepsKPI;
		};
		782F6940200A3F0500F2509F /* PBXContainerItemProxy */ = {
			isa = PBXContainerItemProxy;
			containerPortal = 782F6918200A3F0500F2509F /* Project object */;
			proxyType = 1;
			remoteGlobalIDString = 782F691F200A3F0500F2509F;
			remoteInfo = ApepsKPI;
		};
/* End PBXContainerItemProxy section */

/* Begin PBXFileReference section */
		1D0E5479B3A02C30D4FBFE9F /* Pods-ApepsKPITests.debug.xcconfig */ = {isa = PBXFileReference; includeInIndex = 1; lastKnownFileType = text.xcconfig; name = "Pods-ApepsKPITests.debug.xcconfig"; path = "Pods/Target Support Files/Pods-ApepsKPITests/Pods-ApepsKPITests.debug.xcconfig"; sourceTree = "<group>"; };
		27331D9CEA0809116561BFAD /* Pods-ApepsKPI.debug.xcconfig */ = {isa = PBXFileReference; includeInIndex = 1; lastKnownFileType = text.xcconfig; name = "Pods-ApepsKPI.debug.xcconfig"; path = "Pods/Target Support Files/Pods-ApepsKPI/Pods-ApepsKPI.debug.xcconfig"; sourceTree = "<group>"; };
		3885FFAB5BEE2AE9ABFE7C3E /* Pods_ApepsKPI.framework */ = {isa = PBXFileReference; explicitFileType = wrapper.framework; includeInIndex = 0; path = Pods_ApepsKPI.framework; sourceTree = BUILT_PRODUCTS_DIR; };
		47C5F670771EFBD6B9D4E71B /* Pods_ApepsKPITests.framework */ = {isa = PBXFileReference; explicitFileType = wrapper.framework; includeInIndex = 0; path = Pods_ApepsKPITests.framework; sourceTree = BUILT_PRODUCTS_DIR; };
		717F098841B4BC5E242E93BA /* Pods-ApepsKPITests.release.xcconfig */ = {isa = PBXFileReference; includeInIndex = 1; lastKnownFileType = text.xcconfig; name = "Pods-ApepsKPITests.release.xcconfig"; path = "Pods/Target Support Files/Pods-ApepsKPITests/Pods-ApepsKPITests.release.xcconfig"; sourceTree = "<group>"; };
		782F6920200A3F0500F2509F /* ApepsKPI.app */ = {isa = PBXFileReference; explicitFileType = wrapper.application; includeInIndex = 0; path = ApepsKPI.app; sourceTree = BUILT_PRODUCTS_DIR; };
		782F6923200A3F0500F2509F /* AppDelegate.swift */ = {isa = PBXFileReference; lastKnownFileType = sourcecode.swift; path = AppDelegate.swift; sourceTree = "<group>"; };
		782F6928200A3F0500F2509F /* Base */ = {isa = PBXFileReference; lastKnownFileType = file.storyboard; name = Base; path = Base.lproj/Main.storyboard; sourceTree = "<group>"; };
		782F692A200A3F0500F2509F /* Assets.xcassets */ = {isa = PBXFileReference; lastKnownFileType = folder.assetcatalog; path = Assets.xcassets; sourceTree = "<group>"; };
		782F692D200A3F0500F2509F /* Base */ = {isa = PBXFileReference; lastKnownFileType = file.storyboard; name = Base; path = Base.lproj/LaunchScreen.storyboard; sourceTree = "<group>"; };
		782F692F200A3F0500F2509F /* Info.plist */ = {isa = PBXFileReference; lastKnownFileType = text.plist.xml; path = Info.plist; sourceTree = "<group>"; };
		782F6934200A3F0500F2509F /* ApepsKPITests.xctest */ = {isa = PBXFileReference; explicitFileType = wrapper.cfbundle; includeInIndex = 0; path = ApepsKPITests.xctest; sourceTree = BUILT_PRODUCTS_DIR; };
		782F6938200A3F0500F2509F /* ApepsKPITests.swift */ = {isa = PBXFileReference; lastKnownFileType = sourcecode.swift; path = ApepsKPITests.swift; sourceTree = "<group>"; };
		782F693A200A3F0500F2509F /* Info.plist */ = {isa = PBXFileReference; lastKnownFileType = text.plist.xml; path = Info.plist; sourceTree = "<group>"; };
		782F693F200A3F0500F2509F /* ApepsKPIUITests.xctest */ = {isa = PBXFileReference; explicitFileType = wrapper.cfbundle; includeInIndex = 0; path = ApepsKPIUITests.xctest; sourceTree = BUILT_PRODUCTS_DIR; };
		782F6943200A3F0500F2509F /* ApepsKPIUITests.swift */ = {isa = PBXFileReference; lastKnownFileType = sourcecode.swift; path = ApepsKPIUITests.swift; sourceTree = "<group>"; };
		782F6945200A3F0500F2509F /* Info.plist */ = {isa = PBXFileReference; lastKnownFileType = text.plist.xml; path = Info.plist; sourceTree = "<group>"; };
		782F6955200A7C0900F2509F /* Constants.swift */ = {isa = PBXFileReference; lastKnownFileType = sourcecode.swift; path = Constants.swift; sourceTree = "<group>"; };
		782F6958200A7C4600F2509F /* StringExtension.swift */ = {isa = PBXFileReference; lastKnownFileType = sourcecode.swift; path = StringExtension.swift; sourceTree = "<group>"; };
		782F6961200A7D3000F2509F /* RootRouter.swift */ = {isa = PBXFileReference; lastKnownFileType = sourcecode.swift; path = RootRouter.swift; sourceTree = "<group>"; };
		782F6963200A7D4700F2509F /* RootContract.swift */ = {isa = PBXFileReference; lastKnownFileType = sourcecode.swift; path = RootContract.swift; sourceTree = "<group>"; };
		782F696B200A8E8700F2509F /* AuthorizationContract.swift */ = {isa = PBXFileReference; lastKnownFileType = sourcecode.swift; path = AuthorizationContract.swift; sourceTree = "<group>"; };
		782F696D200A8FA900F2509F /* UserRoles.swift */ = {isa = PBXFileReference; lastKnownFileType = sourcecode.swift; path = UserRoles.swift; sourceTree = "<group>"; };
		782F696F200A904600F2509F /* UserCredentialsEntity.swift */ = {isa = PBXFileReference; lastKnownFileType = sourcecode.swift; path = UserCredentialsEntity.swift; sourceTree = "<group>"; };
		782F6971200A90D700F2509F /* UserEntity.swift */ = {isa = PBXFileReference; lastKnownFileType = sourcecode.swift; path = UserEntity.swift; sourceTree = "<group>"; };
		782F6973200A91CF00F2509F /* AuthorizationInteractor.swift */ = {isa = PBXFileReference; lastKnownFileType = sourcecode.swift; path = AuthorizationInteractor.swift; sourceTree = "<group>"; };
		782F6975200A925E00F2509F /* AuthorizationPresenter.swift */ = {isa = PBXFileReference; lastKnownFileType = sourcecode.swift; path = AuthorizationPresenter.swift; sourceTree = "<group>"; };
		782F6977200A933C00F2509F /* AuthorizationRouter.swift */ = {isa = PBXFileReference; lastKnownFileType = sourcecode.swift; path = AuthorizationRouter.swift; sourceTree = "<group>"; };
		782F6979200A937400F2509F /* AuthorizationViewController.swift */ = {isa = PBXFileReference; lastKnownFileType = sourcecode.swift; path = AuthorizationViewController.swift; sourceTree = "<group>"; };
		782F697B200AA20800F2509F /* APIService.swift */ = {isa = PBXFileReference; lastKnownFileType = sourcecode.swift; path = APIService.swift; sourceTree = "<group>"; };
		782F6983200AA24700F2509F /* Alamofire.framework */ = {isa = PBXFileReference; explicitFileType = wrapper.framework; path = Alamofire.framework; sourceTree = BUILT_PRODUCTS_DIR; };
		782F6984200AA24700F2509F /* Moya.framework */ = {isa = PBXFileReference; explicitFileType = wrapper.framework; path = Moya.framework; sourceTree = BUILT_PRODUCTS_DIR; };
		782F6985200AA24700F2509F /* ObjectMapper.framework */ = {isa = PBXFileReference; explicitFileType = wrapper.framework; path = ObjectMapper.framework; sourceTree = BUILT_PRODUCTS_DIR; };
		782F6986200AA24700F2509F /* RxAlamofire.framework */ = {isa = PBXFileReference; explicitFileType = wrapper.framework; path = RxAlamofire.framework; sourceTree = BUILT_PRODUCTS_DIR; };
		782F6987200AA24700F2509F /* RxCocoa.framework */ = {isa = PBXFileReference; explicitFileType = wrapper.framework; path = RxCocoa.framework; sourceTree = BUILT_PRODUCTS_DIR; };
		782F6988200AA24700F2509F /* RxSwift.framework */ = {isa = PBXFileReference; explicitFileType = wrapper.framework; path = RxSwift.framework; sourceTree = BUILT_PRODUCTS_DIR; };
		782F698A200AA30600F2509F /* SwiftyJSON.framework */ = {isa = PBXFileReference; explicitFileType = wrapper.framework; path = SwiftyJSON.framework; sourceTree = BUILT_PRODUCTS_DIR; };
		782F698C200AA53C00F2509F /* APEPSKyivUaRESTService.swift */ = {isa = PBXFileReference; lastKnownFileType = sourcecode.swift; path = APEPSKyivUaRESTService.swift; sourceTree = "<group>"; };
		782F698F200AB38000F2509F /* Moya_ObjectMapper.framework */ = {isa = PBXFileReference; explicitFileType = wrapper.framework; path = Moya_ObjectMapper.framework; sourceTree = BUILT_PRODUCTS_DIR; };
		782F6991200AB65C00F2509F /* APEPSKyivUaRESTApiImpl.swift */ = {isa = PBXFileReference; lastKnownFileType = sourcecode.swift; path = APEPSKyivUaRESTApiImpl.swift; sourceTree = "<group>"; };
		782F6993200ABAE000F2509F /* RestApi.swift */ = {isa = PBXFileReference; lastKnownFileType = sourcecode.swift; path = RestApi.swift; sourceTree = "<group>"; };
		F611F74ADB7CC7B711380422 /* Pods-ApepsKPI.release.xcconfig */ = {isa = PBXFileReference; includeInIndex = 1; lastKnownFileType = text.xcconfig; name = "Pods-ApepsKPI.release.xcconfig"; path = "Pods/Target Support Files/Pods-ApepsKPI/Pods-ApepsKPI.release.xcconfig"; sourceTree = "<group>"; };
/* End PBXFileReference section */

/* Begin PBXFrameworksBuildPhase section */
		782F691D200A3F0500F2509F /* Frameworks */ = {
			isa = PBXFrameworksBuildPhase;
			buildActionMask = 2147483647;
			files = (
				782F698E200AB38000F2509F /* Moya_ObjectMapper.framework in Frameworks */,
				782F6989200AA30600F2509F /* SwiftyJSON.framework in Frameworks */,
				782F697D200AA24700F2509F /* Alamofire.framework in Frameworks */,
				782F697E200AA24700F2509F /* Moya.framework in Frameworks */,
				782F6980200AA24700F2509F /* RxAlamofire.framework in Frameworks */,
				782F6981200AA24700F2509F /* RxCocoa.framework in Frameworks */,
				782F6982200AA24700F2509F /* RxSwift.framework in Frameworks */,
				83A5F6F7632B328B7BADFBFE /* Pods_ApepsKPI.framework in Frameworks */,
			);
			runOnlyForDeploymentPostprocessing = 0;
		};
		782F6931200A3F0500F2509F /* Frameworks */ = {
			isa = PBXFrameworksBuildPhase;
			buildActionMask = 2147483647;
			files = (
				D49A0ED678B9D34EE59FDDA1 /* Pods_ApepsKPITests.framework in Frameworks */,
			);
			runOnlyForDeploymentPostprocessing = 0;
		};
		782F693C200A3F0500F2509F /* Frameworks */ = {
			isa = PBXFrameworksBuildPhase;
			buildActionMask = 2147483647;
			files = (
			);
			runOnlyForDeploymentPostprocessing = 0;
		};
/* End PBXFrameworksBuildPhase section */

/* Begin PBXGroup section */
		44835493B6400A1C9D8AC305 /* Frameworks */ = {
			isa = PBXGroup;
			children = (
				782F698F200AB38000F2509F /* Moya_ObjectMapper.framework */,
				782F698A200AA30600F2509F /* SwiftyJSON.framework */,
				782F6983200AA24700F2509F /* Alamofire.framework */,
				782F6984200AA24700F2509F /* Moya.framework */,
				782F6985200AA24700F2509F /* ObjectMapper.framework */,
				782F6986200AA24700F2509F /* RxAlamofire.framework */,
				782F6987200AA24700F2509F /* RxCocoa.framework */,
				782F6988200AA24700F2509F /* RxSwift.framework */,
				3885FFAB5BEE2AE9ABFE7C3E /* Pods_ApepsKPI.framework */,
				47C5F670771EFBD6B9D4E71B /* Pods_ApepsKPITests.framework */,
			);
			name = Frameworks;
			sourceTree = "<group>";
		};
		693F3BC6167C771FD0BC9B76 /* Pods */ = {
			isa = PBXGroup;
			children = (
				27331D9CEA0809116561BFAD /* Pods-ApepsKPI.debug.xcconfig */,
				F611F74ADB7CC7B711380422 /* Pods-ApepsKPI.release.xcconfig */,
				1D0E5479B3A02C30D4FBFE9F /* Pods-ApepsKPITests.debug.xcconfig */,
				717F098841B4BC5E242E93BA /* Pods-ApepsKPITests.release.xcconfig */,
			);
			name = Pods;
			sourceTree = "<group>";
		};
		782F6917200A3F0500F2509F = {
			isa = PBXGroup;
			children = (
				782F6922200A3F0500F2509F /* ApepsKPI */,
				782F6937200A3F0500F2509F /* ApepsKPITests */,
				782F6942200A3F0500F2509F /* ApepsKPIUITests */,
				782F6921200A3F0500F2509F /* Products */,
				693F3BC6167C771FD0BC9B76 /* Pods */,
				44835493B6400A1C9D8AC305 /* Frameworks */,
			);
			sourceTree = "<group>";
		};
		782F6921200A3F0500F2509F /* Products */ = {
			isa = PBXGroup;
			children = (
				782F6920200A3F0500F2509F /* ApepsKPI.app */,
				782F6934200A3F0500F2509F /* ApepsKPITests.xctest */,
				782F693F200A3F0500F2509F /* ApepsKPIUITests.xctest */,
			);
			name = Products;
			sourceTree = "<group>";
		};
		782F6922200A3F0500F2509F /* ApepsKPI */ = {
			isa = PBXGroup;
			children = (
				782F6952200A7BA300F2509F /* Application */,
				782F695D200A7C8B00F2509F /* Protocols */,
				782F6957200A7C2900F2509F /* Extensions */,
				782F6954200A7BE200F2509F /* Enums */,
				782F6953200A7BB700F2509F /* Resources */,
				782F6951200A7B9200F2509F /* Models */,
				782F695B200A7C7900F2509F /* Modules */,
				782F695C200A7C8500F2509F /* Network */,
				782F692F200A3F0500F2509F /* Info.plist */,
			);
			path = ApepsKPI;
			sourceTree = "<group>";
		};
		782F6937200A3F0500F2509F /* ApepsKPITests */ = {
			isa = PBXGroup;
			children = (
				782F6938200A3F0500F2509F /* ApepsKPITests.swift */,
				782F693A200A3F0500F2509F /* Info.plist */,
			);
			path = ApepsKPITests;
			sourceTree = "<group>";
		};
		782F6942200A3F0500F2509F /* ApepsKPIUITests */ = {
			isa = PBXGroup;
			children = (
				782F6943200A3F0500F2509F /* ApepsKPIUITests.swift */,
				782F6945200A3F0500F2509F /* Info.plist */,
			);
			path = ApepsKPIUITests;
			sourceTree = "<group>";
		};
		782F6951200A7B9200F2509F /* Models */ = {
			isa = PBXGroup;
			children = (
				782F696F200A904600F2509F /* UserCredentialsEntity.swift */,
				782F6971200A90D700F2509F /* UserEntity.swift */,
			);
			path = Models;
			sourceTree = "<group>";
		};
		782F6952200A7BA300F2509F /* Application */ = {
			isa = PBXGroup;
			children = (
				782F6923200A3F0500F2509F /* AppDelegate.swift */,
			);
			path = Application;
			sourceTree = "<group>";
		};
		782F6953200A7BB700F2509F /* Resources */ = {
			isa = PBXGroup;
			children = (
				782F692C200A3F0500F2509F /* LaunchScreen.storyboard */,
				782F6927200A3F0500F2509F /* Main.storyboard */,
				782F692A200A3F0500F2509F /* Assets.xcassets */,
			);
			path = Resources;
			sourceTree = "<group>";
		};
		782F6954200A7BE200F2509F /* Enums */ = {
			isa = PBXGroup;
			children = (
				782F6955200A7C0900F2509F /* Constants.swift */,
				782F696D200A8FA900F2509F /* UserRoles.swift */,
			);
			path = Enums;
			sourceTree = "<group>";
		};
		782F6957200A7C2900F2509F /* Extensions */ = {
			isa = PBXGroup;
			children = (
				782F6958200A7C4600F2509F /* StringExtension.swift */,
			);
			path = Extensions;
			sourceTree = "<group>";
		};
		782F695B200A7C7900F2509F /* Modules */ = {
			isa = PBXGroup;
			children = (
				782F6965200A8DA500F2509F /* Authorization */,
				782F695E200A7CD200F2509F /* Root */,
			);
			path = Modules;
			sourceTree = "<group>";
		};
		782F695C200A7C8500F2509F /* Network */ = {
			isa = PBXGroup;
			children = (
				782F6990200AB50400F2509F /* API */,
			);
			path = Network;
			sourceTree = "<group>";
		};
		782F695D200A7C8B00F2509F /* Protocols */ = {
			isa = PBXGroup;
			children = (
			);
			path = Protocols;
			sourceTree = "<group>";
		};
		782F695E200A7CD200F2509F /* Root */ = {
			isa = PBXGroup;
			children = (
				782F6960200A7D1C00F2509F /* Router */,
				782F695F200A7D0E00F2509F /* Contract */,
			);
			path = Root;
			sourceTree = "<group>";
		};
		782F695F200A7D0E00F2509F /* Contract */ = {
			isa = PBXGroup;
			children = (
				782F6963200A7D4700F2509F /* RootContract.swift */,
			);
			path = Contract;
			sourceTree = "<group>";
		};
		782F6960200A7D1C00F2509F /* Router */ = {
			isa = PBXGroup;
			children = (
				782F6961200A7D3000F2509F /* RootRouter.swift */,
			);
			path = Router;
			sourceTree = "<group>";
		};
		782F6965200A8DA500F2509F /* Authorization */ = {
			isa = PBXGroup;
			children = (
				782F696A200A8E3300F2509F /* View */,
				782F6969200A8E2D00F2509F /* Router */,
				782F6968200A8E2300F2509F /* Presenter */,
				782F6967200A8E1A00F2509F /* Interactor */,
				782F6966200A8E0D00F2509F /* Contract */,
			);
			path = Authorization;
			sourceTree = "<group>";
		};
		782F6966200A8E0D00F2509F /* Contract */ = {
			isa = PBXGroup;
			children = (
				782F696B200A8E8700F2509F /* AuthorizationContract.swift */,
			);
			path = Contract;
			sourceTree = "<group>";
		};
		782F6967200A8E1A00F2509F /* Interactor */ = {
			isa = PBXGroup;
			children = (
				782F6973200A91CF00F2509F /* AuthorizationInteractor.swift */,
			);
			path = Interactor;
			sourceTree = "<group>";
		};
		782F6968200A8E2300F2509F /* Presenter */ = {
			isa = PBXGroup;
			children = (
				782F6975200A925E00F2509F /* AuthorizationPresenter.swift */,
			);
			path = Presenter;
			sourceTree = "<group>";
		};
		782F6969200A8E2D00F2509F /* Router */ = {
			isa = PBXGroup;
			children = (
				782F6977200A933C00F2509F /* AuthorizationRouter.swift */,
			);
			path = Router;
			sourceTree = "<group>";
		};
		782F696A200A8E3300F2509F /* View */ = {
			isa = PBXGroup;
			children = (
				782F6979200A937400F2509F /* AuthorizationViewController.swift */,
			);
			path = View;
			sourceTree = "<group>";
		};
		782F698B200AA4E200F2509F /* MoyaService */ = {
			isa = PBXGroup;
			children = (
				782F698C200AA53C00F2509F /* APEPSKyivUaRESTService.swift */,
			);
			path = MoyaService;
			sourceTree = "<group>";
		};
		782F6990200AB50400F2509F /* API */ = {
			isa = PBXGroup;
			children = (
				782F697B200AA20800F2509F /* APIService.swift */,
				782F6993200ABAE000F2509F /* RestApi.swift */,
				782F6995200ABBF100F2509F /* APEPS */,
			);
			path = API;
			sourceTree = "<group>";
		};
		782F6995200ABBF100F2509F /* APEPS */ = {
			isa = PBXGroup;
			children = (
				782F6991200AB65C00F2509F /* APEPSKyivUaRESTApiImpl.swift */,
				782F698B200AA4E200F2509F /* MoyaService */,
			);
			path = APEPS;
			sourceTree = "<group>";
		};
/* End PBXGroup section */

/* Begin PBXNativeTarget section */
		782F691F200A3F0500F2509F /* ApepsKPI */ = {
			isa = PBXNativeTarget;
			buildConfigurationList = 782F6948200A3F0500F2509F /* Build configuration list for PBXNativeTarget "ApepsKPI" */;
			buildPhases = (
				5223130273EA3D71F1AC0D42 /* [CP] Check Pods Manifest.lock */,
				782F691C200A3F0500F2509F /* Sources */,
				782F691D200A3F0500F2509F /* Frameworks */,
				782F691E200A3F0500F2509F /* Resources */,
				845AAD2EF8F684F95BCBE043 /* [CP] Embed Pods Frameworks */,
				4CBA98E846C219319DDB64F4 /* [CP] Copy Pods Resources */,
			);
			buildRules = (
			);
			dependencies = (
			);
			name = ApepsKPI;
			productName = ApepsKPI;
			productReference = 782F6920200A3F0500F2509F /* ApepsKPI.app */;
			productType = "com.apple.product-type.application";
		};
		782F6933200A3F0500F2509F /* ApepsKPITests */ = {
			isa = PBXNativeTarget;
			buildConfigurationList = 782F694B200A3F0500F2509F /* Build configuration list for PBXNativeTarget "ApepsKPITests" */;
			buildPhases = (
				33F9972612816E2EE8EA2ED6 /* [CP] Check Pods Manifest.lock */,
				782F6930200A3F0500F2509F /* Sources */,
				782F6931200A3F0500F2509F /* Frameworks */,
				782F6932200A3F0500F2509F /* Resources */,
				F306359CC1E424ADA2D4E608 /* [CP] Embed Pods Frameworks */,
				21A5F2C183E97E47ED022562 /* [CP] Copy Pods Resources */,
			);
			buildRules = (
			);
			dependencies = (
				782F6936200A3F0500F2509F /* PBXTargetDependency */,
			);
			name = ApepsKPITests;
			productName = ApepsKPITests;
			productReference = 782F6934200A3F0500F2509F /* ApepsKPITests.xctest */;
			productType = "com.apple.product-type.bundle.unit-test";
		};
		782F693E200A3F0500F2509F /* ApepsKPIUITests */ = {
			isa = PBXNativeTarget;
			buildConfigurationList = 782F694E200A3F0500F2509F /* Build configuration list for PBXNativeTarget "ApepsKPIUITests" */;
			buildPhases = (
				782F693B200A3F0500F2509F /* Sources */,
				782F693C200A3F0500F2509F /* Frameworks */,
				782F693D200A3F0500F2509F /* Resources */,
			);
			buildRules = (
			);
			dependencies = (
				782F6941200A3F0500F2509F /* PBXTargetDependency */,
			);
			name = ApepsKPIUITests;
			productName = ApepsKPIUITests;
			productReference = 782F693F200A3F0500F2509F /* ApepsKPIUITests.xctest */;
			productType = "com.apple.product-type.bundle.ui-testing";
		};
/* End PBXNativeTarget section */

/* Begin PBXProject section */
		782F6918200A3F0500F2509F /* Project object */ = {
			isa = PBXProject;
			attributes = {
				LastSwiftUpdateCheck = 0920;
				LastUpgradeCheck = 0920;
				ORGANIZATIONNAME = igor;
				TargetAttributes = {
					782F691F200A3F0500F2509F = {
						CreatedOnToolsVersion = 9.2;
						ProvisioningStyle = Automatic;
					};
					782F6933200A3F0500F2509F = {
						CreatedOnToolsVersion = 9.2;
						ProvisioningStyle = Automatic;
						TestTargetID = 782F691F200A3F0500F2509F;
					};
					782F693E200A3F0500F2509F = {
						CreatedOnToolsVersion = 9.2;
						ProvisioningStyle = Automatic;
						TestTargetID = 782F691F200A3F0500F2509F;
					};
				};
			};
			buildConfigurationList = 782F691B200A3F0500F2509F /* Build configuration list for PBXProject "ApepsKPI" */;
			compatibilityVersion = "Xcode 8.0";
			developmentRegion = en;
			hasScannedForEncodings = 0;
			knownRegions = (
				en,
				Base,
			);
			mainGroup = 782F6917200A3F0500F2509F;
			productRefGroup = 782F6921200A3F0500F2509F /* Products */;
			projectDirPath = "";
			projectRoot = "";
			targets = (
				782F691F200A3F0500F2509F /* ApepsKPI */,
				782F6933200A3F0500F2509F /* ApepsKPITests */,
				782F693E200A3F0500F2509F /* ApepsKPIUITests */,
			);
		};
/* End PBXProject section */

/* Begin PBXResourcesBuildPhase section */
		782F691E200A3F0500F2509F /* Resources */ = {
			isa = PBXResourcesBuildPhase;
			buildActionMask = 2147483647;
			files = (
				782F692E200A3F0500F2509F /* LaunchScreen.storyboard in Resources */,
				782F692B200A3F0500F2509F /* Assets.xcassets in Resources */,
				782F6929200A3F0500F2509F /* Main.storyboard in Resources */,
			);
			runOnlyForDeploymentPostprocessing = 0;
		};
		782F6932200A3F0500F2509F /* Resources */ = {
			isa = PBXResourcesBuildPhase;
			buildActionMask = 2147483647;
			files = (
			);
			runOnlyForDeploymentPostprocessing = 0;
		};
		782F693D200A3F0500F2509F /* Resources */ = {
			isa = PBXResourcesBuildPhase;
			buildActionMask = 2147483647;
			files = (
			);
			runOnlyForDeploymentPostprocessing = 0;
		};
/* End PBXResourcesBuildPhase section */

/* Begin PBXShellScriptBuildPhase section */
		21A5F2C183E97E47ED022562 /* [CP] Copy Pods Resources */ = {
			isa = PBXShellScriptBuildPhase;
			buildActionMask = 2147483647;
			files = (
			);
			inputPaths = (
			);
			name = "[CP] Copy Pods Resources";
			outputPaths = (
			);
			runOnlyForDeploymentPostprocessing = 0;
			shellPath = /bin/sh;
			shellScript = "\"${SRCROOT}/Pods/Target Support Files/Pods-ApepsKPITests/Pods-ApepsKPITests-resources.sh\"\n";
			showEnvVarsInLog = 0;
		};
		33F9972612816E2EE8EA2ED6 /* [CP] Check Pods Manifest.lock */ = {
			isa = PBXShellScriptBuildPhase;
			buildActionMask = 2147483647;
			files = (
			);
			inputPaths = (
				"${PODS_PODFILE_DIR_PATH}/Podfile.lock",
				"${PODS_ROOT}/Manifest.lock",
			);
			name = "[CP] Check Pods Manifest.lock";
			outputPaths = (
				"$(DERIVED_FILE_DIR)/Pods-ApepsKPITests-checkManifestLockResult.txt",
			);
			runOnlyForDeploymentPostprocessing = 0;
			shellPath = /bin/sh;
			shellScript = "diff \"${PODS_PODFILE_DIR_PATH}/Podfile.lock\" \"${PODS_ROOT}/Manifest.lock\" > /dev/null\nif [ $? != 0 ] ; then\n    # print error to STDERR\n    echo \"error: The sandbox is not in sync with the Podfile.lock. Run 'pod install' or update your CocoaPods installation.\" >&2\n    exit 1\nfi\n# This output is used by Xcode 'outputs' to avoid re-running this script phase.\necho \"SUCCESS\" > \"${SCRIPT_OUTPUT_FILE_0}\"\n";
			showEnvVarsInLog = 0;
		};
		4CBA98E846C219319DDB64F4 /* [CP] Copy Pods Resources */ = {
			isa = PBXShellScriptBuildPhase;
			buildActionMask = 2147483647;
			files = (
			);
			inputPaths = (
			);
			name = "[CP] Copy Pods Resources";
			outputPaths = (
			);
			runOnlyForDeploymentPostprocessing = 0;
			shellPath = /bin/sh;
			shellScript = "\"${SRCROOT}/Pods/Target Support Files/Pods-ApepsKPI/Pods-ApepsKPI-resources.sh\"\n";
			showEnvVarsInLog = 0;
		};
		5223130273EA3D71F1AC0D42 /* [CP] Check Pods Manifest.lock */ = {
			isa = PBXShellScriptBuildPhase;
			buildActionMask = 2147483647;
			files = (
			);
			inputPaths = (
				"${PODS_PODFILE_DIR_PATH}/Podfile.lock",
				"${PODS_ROOT}/Manifest.lock",
			);
			name = "[CP] Check Pods Manifest.lock";
			outputPaths = (
				"$(DERIVED_FILE_DIR)/Pods-ApepsKPI-checkManifestLockResult.txt",
			);
			runOnlyForDeploymentPostprocessing = 0;
			shellPath = /bin/sh;
			shellScript = "diff \"${PODS_PODFILE_DIR_PATH}/Podfile.lock\" \"${PODS_ROOT}/Manifest.lock\" > /dev/null\nif [ $? != 0 ] ; then\n    # print error to STDERR\n    echo \"error: The sandbox is not in sync with the Podfile.lock. Run 'pod install' or update your CocoaPods installation.\" >&2\n    exit 1\nfi\n# This output is used by Xcode 'outputs' to avoid re-running this script phase.\necho \"SUCCESS\" > \"${SCRIPT_OUTPUT_FILE_0}\"\n";
			showEnvVarsInLog = 0;
		};
		845AAD2EF8F684F95BCBE043 /* [CP] Embed Pods Frameworks */ = {
			isa = PBXShellScriptBuildPhase;
			buildActionMask = 2147483647;
			files = (
			);
			inputPaths = (
				"${SRCROOT}/Pods/Target Support Files/Pods-ApepsKPI/Pods-ApepsKPI-frameworks.sh",
				"${BUILT_PRODUCTS_DIR}/Alamofire/Alamofire.framework",
				"${BUILT_PRODUCTS_DIR}/Moya/Moya.framework",
				"${BUILT_PRODUCTS_DIR}/Moya-ObjectMapper/Moya_ObjectMapper.framework",
				"${BUILT_PRODUCTS_DIR}/ObjectMapper/ObjectMapper.framework",
				"${BUILT_PRODUCTS_DIR}/Result/Result.framework",
				"${BUILT_PRODUCTS_DIR}/RxAlamofire/RxAlamofire.framework",
				"${BUILT_PRODUCTS_DIR}/RxCocoa/RxCocoa.framework",
				"${BUILT_PRODUCTS_DIR}/RxSwift/RxSwift.framework",
				"${BUILT_PRODUCTS_DIR}/SwiftyJSON/SwiftyJSON.framework",
			);
			name = "[CP] Embed Pods Frameworks";
			outputPaths = (
				"${TARGET_BUILD_DIR}/${FRAMEWORKS_FOLDER_PATH}/Alamofire.framework",
				"${TARGET_BUILD_DIR}/${FRAMEWORKS_FOLDER_PATH}/Moya.framework",
				"${TARGET_BUILD_DIR}/${FRAMEWORKS_FOLDER_PATH}/Moya_ObjectMapper.framework",
				"${TARGET_BUILD_DIR}/${FRAMEWORKS_FOLDER_PATH}/ObjectMapper.framework",
				"${TARGET_BUILD_DIR}/${FRAMEWORKS_FOLDER_PATH}/Result.framework",
				"${TARGET_BUILD_DIR}/${FRAMEWORKS_FOLDER_PATH}/RxAlamofire.framework",
				"${TARGET_BUILD_DIR}/${FRAMEWORKS_FOLDER_PATH}/RxCocoa.framework",
				"${TARGET_BUILD_DIR}/${FRAMEWORKS_FOLDER_PATH}/RxSwift.framework",
				"${TARGET_BUILD_DIR}/${FRAMEWORKS_FOLDER_PATH}/SwiftyJSON.framework",
			);
			runOnlyForDeploymentPostprocessing = 0;
			shellPath = /bin/sh;
			shellScript = "\"${SRCROOT}/Pods/Target Support Files/Pods-ApepsKPI/Pods-ApepsKPI-frameworks.sh\"\n";
			showEnvVarsInLog = 0;
		};
		F306359CC1E424ADA2D4E608 /* [CP] Embed Pods Frameworks */ = {
			isa = PBXShellScriptBuildPhase;
			buildActionMask = 2147483647;
			files = (
			);
			inputPaths = (
				"${SRCROOT}/Pods/Target Support Files/Pods-ApepsKPITests/Pods-ApepsKPITests-frameworks.sh",
				"${BUILT_PRODUCTS_DIR}/RxSwift/RxSwift.framework",
				"${BUILT_PRODUCTS_DIR}/RxBlocking/RxBlocking.framework",
				"${BUILT_PRODUCTS_DIR}/RxTest/RxTest.framework",
			);
			name = "[CP] Embed Pods Frameworks";
			outputPaths = (
				"${TARGET_BUILD_DIR}/${FRAMEWORKS_FOLDER_PATH}/RxSwift.framework",
				"${TARGET_BUILD_DIR}/${FRAMEWORKS_FOLDER_PATH}/RxBlocking.framework",
				"${TARGET_BUILD_DIR}/${FRAMEWORKS_FOLDER_PATH}/RxTest.framework",
			);
			runOnlyForDeploymentPostprocessing = 0;
			shellPath = /bin/sh;
			shellScript = "\"${SRCROOT}/Pods/Target Support Files/Pods-ApepsKPITests/Pods-ApepsKPITests-frameworks.sh\"\n";
			showEnvVarsInLog = 0;
		};
/* End PBXShellScriptBuildPhase section */

/* Begin PBXSourcesBuildPhase section */
		782F691C200A3F0500F2509F /* Sources */ = {
			isa = PBXSourcesBuildPhase;
			buildActionMask = 2147483647;
			files = (
				782F697A200A937400F2509F /* AuthorizationViewController.swift in Sources */,
				782F698D200AA53C00F2509F /* APEPSKyivUaRESTService.swift in Sources */,
				782F6976200A925E00F2509F /* AuthorizationPresenter.swift in Sources */,
				782F6959200A7C4700F2509F /* StringExtension.swift in Sources */,
				782F6964200A7D4700F2509F /* RootContract.swift in Sources */,
				782F6978200A933C00F2509F /* AuthorizationRouter.swift in Sources */,
				782F6962200A7D3000F2509F /* RootRouter.swift in Sources */,
				782F6972200A90D700F2509F /* UserEntity.swift in Sources */,
				782F6970200A904600F2509F /* UserCredentialsEntity.swift in Sources */,
				782F697C200AA20800F2509F /* APIService.swift in Sources */,
				782F6974200A91CF00F2509F /* AuthorizationInteractor.swift in Sources */,
				782F6994200ABAE000F2509F /* RestApi.swift in Sources */,
				782F696C200A8E8700F2509F /* AuthorizationContract.swift in Sources */,
				782F6924200A3F0500F2509F /* AppDelegate.swift in Sources */,
				782F696E200A8FA900F2509F /* UserRoles.swift in Sources */,
				782F6992200AB65C00F2509F /* APEPSKyivUaRESTApiImpl.swift in Sources */,
				782F6956200A7C0900F2509F /* Constants.swift in Sources */,
			);
			runOnlyForDeploymentPostprocessing = 0;
		};
		782F6930200A3F0500F2509F /* Sources */ = {
			isa = PBXSourcesBuildPhase;
			buildActionMask = 2147483647;
			files = (
				782F6939200A3F0500F2509F /* ApepsKPITests.swift in Sources */,
			);
			runOnlyForDeploymentPostprocessing = 0;
		};
		782F693B200A3F0500F2509F /* Sources */ = {
			isa = PBXSourcesBuildPhase;
			buildActionMask = 2147483647;
			files = (
				782F6944200A3F0500F2509F /* ApepsKPIUITests.swift in Sources */,
			);
			runOnlyForDeploymentPostprocessing = 0;
		};
/* End PBXSourcesBuildPhase section */

/* Begin PBXTargetDependency section */
		782F6936200A3F0500F2509F /* PBXTargetDependency */ = {
			isa = PBXTargetDependency;
			target = 782F691F200A3F0500F2509F /* ApepsKPI */;
			targetProxy = 782F6935200A3F0500F2509F /* PBXContainerItemProxy */;
		};
		782F6941200A3F0500F2509F /* PBXTargetDependency */ = {
			isa = PBXTargetDependency;
			target = 782F691F200A3F0500F2509F /* ApepsKPI */;
			targetProxy = 782F6940200A3F0500F2509F /* PBXContainerItemProxy */;
		};
/* End PBXTargetDependency section */

/* Begin PBXVariantGroup section */
		782F6927200A3F0500F2509F /* Main.storyboard */ = {
			isa = PBXVariantGroup;
			children = (
				782F6928200A3F0500F2509F /* Base */,
			);
			name = Main.storyboard;
			sourceTree = "<group>";
		};
		782F692C200A3F0500F2509F /* LaunchScreen.storyboard */ = {
			isa = PBXVariantGroup;
			children = (
				782F692D200A3F0500F2509F /* Base */,
			);
			name = LaunchScreen.storyboard;
			sourceTree = "<group>";
		};
/* End PBXVariantGroup section */

/* Begin XCBuildConfiguration section */
		782F6946200A3F0500F2509F /* Debug */ = {
			isa = XCBuildConfiguration;
			buildSettings = {
				ALWAYS_SEARCH_USER_PATHS = NO;
				CLANG_ANALYZER_NONNULL = YES;
				CLANG_ANALYZER_NUMBER_OBJECT_CONVERSION = YES_AGGRESSIVE;
				CLANG_CXX_LANGUAGE_STANDARD = "gnu++14";
				CLANG_CXX_LIBRARY = "libc++";
				CLANG_ENABLE_MODULES = YES;
				CLANG_ENABLE_OBJC_ARC = YES;
				CLANG_WARN_BLOCK_CAPTURE_AUTORELEASING = YES;
				CLANG_WARN_BOOL_CONVERSION = YES;
				CLANG_WARN_COMMA = YES;
				CLANG_WARN_CONSTANT_CONVERSION = YES;
				CLANG_WARN_DIRECT_OBJC_ISA_USAGE = YES_ERROR;
				CLANG_WARN_DOCUMENTATION_COMMENTS = YES;
				CLANG_WARN_EMPTY_BODY = YES;
				CLANG_WARN_ENUM_CONVERSION = YES;
				CLANG_WARN_INFINITE_RECURSION = YES;
				CLANG_WARN_INT_CONVERSION = YES;
				CLANG_WARN_NON_LITERAL_NULL_CONVERSION = YES;
				CLANG_WARN_OBJC_LITERAL_CONVERSION = YES;
				CLANG_WARN_OBJC_ROOT_CLASS = YES_ERROR;
				CLANG_WARN_RANGE_LOOP_ANALYSIS = YES;
				CLANG_WARN_STRICT_PROTOTYPES = YES;
				CLANG_WARN_SUSPICIOUS_MOVE = YES;
				CLANG_WARN_UNGUARDED_AVAILABILITY = YES_AGGRESSIVE;
				CLANG_WARN_UNREACHABLE_CODE = YES;
				CLANG_WARN__DUPLICATE_METHOD_MATCH = YES;
				CODE_SIGN_IDENTITY = "iPhone Developer";
				COPY_PHASE_STRIP = NO;
				DEBUG_INFORMATION_FORMAT = dwarf;
				ENABLE_STRICT_OBJC_MSGSEND = YES;
				ENABLE_TESTABILITY = YES;
				GCC_C_LANGUAGE_STANDARD = gnu11;
				GCC_DYNAMIC_NO_PIC = NO;
				GCC_NO_COMMON_BLOCKS = YES;
				GCC_OPTIMIZATION_LEVEL = 0;
				GCC_PREPROCESSOR_DEFINITIONS = (
					"DEBUG=1",
					"$(inherited)",
				);
				GCC_WARN_64_TO_32_BIT_CONVERSION = YES;
				GCC_WARN_ABOUT_RETURN_TYPE = YES_ERROR;
				GCC_WARN_UNDECLARED_SELECTOR = YES;
				GCC_WARN_UNINITIALIZED_AUTOS = YES_AGGRESSIVE;
				GCC_WARN_UNUSED_FUNCTION = YES;
				GCC_WARN_UNUSED_VARIABLE = YES;
				IPHONEOS_DEPLOYMENT_TARGET = 11.2;
				MTL_ENABLE_DEBUG_INFO = YES;
				ONLY_ACTIVE_ARCH = YES;
				SDKROOT = iphoneos;
				SWIFT_ACTIVE_COMPILATION_CONDITIONS = DEBUG;
				SWIFT_OPTIMIZATION_LEVEL = "-Onone";
			};
			name = Debug;
		};
		782F6947200A3F0500F2509F /* Release */ = {
			isa = XCBuildConfiguration;
			buildSettings = {
				ALWAYS_SEARCH_USER_PATHS = NO;
				CLANG_ANALYZER_NONNULL = YES;
				CLANG_ANALYZER_NUMBER_OBJECT_CONVERSION = YES_AGGRESSIVE;
				CLANG_CXX_LANGUAGE_STANDARD = "gnu++14";
				CLANG_CXX_LIBRARY = "libc++";
				CLANG_ENABLE_MODULES = YES;
				CLANG_ENABLE_OBJC_ARC = YES;
				CLANG_WARN_BLOCK_CAPTURE_AUTORELEASING = YES;
				CLANG_WARN_BOOL_CONVERSION = YES;
				CLANG_WARN_COMMA = YES;
				CLANG_WARN_CONSTANT_CONVERSION = YES;
				CLANG_WARN_DIRECT_OBJC_ISA_USAGE = YES_ERROR;
				CLANG_WARN_DOCUMENTATION_COMMENTS = YES;
				CLANG_WARN_EMPTY_BODY = YES;
				CLANG_WARN_ENUM_CONVERSION = YES;
				CLANG_WARN_INFINITE_RECURSION = YES;
				CLANG_WARN_INT_CONVERSION = YES;
				CLANG_WARN_NON_LITERAL_NULL_CONVERSION = YES;
				CLANG_WARN_OBJC_LITERAL_CONVERSION = YES;
				CLANG_WARN_OBJC_ROOT_CLASS = YES_ERROR;
				CLANG_WARN_RANGE_LOOP_ANALYSIS = YES;
				CLANG_WARN_STRICT_PROTOTYPES = YES;
				CLANG_WARN_SUSPICIOUS_MOVE = YES;
				CLANG_WARN_UNGUARDED_AVAILABILITY = YES_AGGRESSIVE;
				CLANG_WARN_UNREACHABLE_CODE = YES;
				CLANG_WARN__DUPLICATE_METHOD_MATCH = YES;
				CODE_SIGN_IDENTITY = "iPhone Developer";
				COPY_PHASE_STRIP = NO;
				DEBUG_INFORMATION_FORMAT = "dwarf-with-dsym";
				ENABLE_NS_ASSERTIONS = NO;
				ENABLE_STRICT_OBJC_MSGSEND = YES;
				GCC_C_LANGUAGE_STANDARD = gnu11;
				GCC_NO_COMMON_BLOCKS = YES;
				GCC_WARN_64_TO_32_BIT_CONVERSION = YES;
				GCC_WARN_ABOUT_RETURN_TYPE = YES_ERROR;
				GCC_WARN_UNDECLARED_SELECTOR = YES;
				GCC_WARN_UNINITIALIZED_AUTOS = YES_AGGRESSIVE;
				GCC_WARN_UNUSED_FUNCTION = YES;
				GCC_WARN_UNUSED_VARIABLE = YES;
				IPHONEOS_DEPLOYMENT_TARGET = 11.2;
				MTL_ENABLE_DEBUG_INFO = NO;
				SDKROOT = iphoneos;
				SWIFT_OPTIMIZATION_LEVEL = "-Owholemodule";
				VALIDATE_PRODUCT = YES;
			};
			name = Release;
		};
		782F6949200A3F0500F2509F /* Debug */ = {
			isa = XCBuildConfiguration;
			baseConfigurationReference = 27331D9CEA0809116561BFAD /* Pods-ApepsKPI.debug.xcconfig */;
			buildSettings = {
				ASSETCATALOG_COMPILER_APPICON_NAME = AppIcon;
				CODE_SIGN_STYLE = Automatic;
				DEVELOPMENT_TEAM = 5BCDXKAUFJ;
				INFOPLIST_FILE = ApepsKPI/Info.plist;
				LD_RUNPATH_SEARCH_PATHS = "$(inherited) @executable_path/Frameworks";
				PRODUCT_BUNDLE_IDENTIFIER = dekwin.ApepsKPI;
				PRODUCT_NAME = "$(TARGET_NAME)";
				SWIFT_VERSION = 4.0;
				TARGETED_DEVICE_FAMILY = "1,2";
			};
			name = Debug;
		};
		782F694A200A3F0500F2509F /* Release */ = {
			isa = XCBuildConfiguration;
			baseConfigurationReference = F611F74ADB7CC7B711380422 /* Pods-ApepsKPI.release.xcconfig */;
			buildSettings = {
				ASSETCATALOG_COMPILER_APPICON_NAME = AppIcon;
				CODE_SIGN_STYLE = Automatic;
				DEVELOPMENT_TEAM = 5BCDXKAUFJ;
				INFOPLIST_FILE = ApepsKPI/Info.plist;
				LD_RUNPATH_SEARCH_PATHS = "$(inherited) @executable_path/Frameworks";
				PRODUCT_BUNDLE_IDENTIFIER = dekwin.ApepsKPI;
				PRODUCT_NAME = "$(TARGET_NAME)";
				SWIFT_VERSION = 4.0;
				TARGETED_DEVICE_FAMILY = "1,2";
			};
			name = Release;
		};
		782F694C200A3F0500F2509F /* Debug */ = {
			isa = XCBuildConfiguration;
			baseConfigurationReference = 1D0E5479B3A02C30D4FBFE9F /* Pods-ApepsKPITests.debug.xcconfig */;
			buildSettings = {
				ALWAYS_EMBED_SWIFT_STANDARD_LIBRARIES = YES;
				BUNDLE_LOADER = "$(TEST_HOST)";
				CODE_SIGN_STYLE = Automatic;
				DEVELOPMENT_TEAM = 5BCDXKAUFJ;
				INFOPLIST_FILE = ApepsKPITests/Info.plist;
				LD_RUNPATH_SEARCH_PATHS = "$(inherited) @executable_path/Frameworks @loader_path/Frameworks";
				PRODUCT_BUNDLE_IDENTIFIER = dekwin.ApepsKPITests;
				PRODUCT_NAME = "$(TARGET_NAME)";
				SWIFT_VERSION = 4.0;
				TARGETED_DEVICE_FAMILY = "1,2";
				TEST_HOST = "$(BUILT_PRODUCTS_DIR)/ApepsKPI.app/ApepsKPI";
			};
			name = Debug;
		};
		782F694D200A3F0500F2509F /* Release */ = {
			isa = XCBuildConfiguration;
			baseConfigurationReference = 717F098841B4BC5E242E93BA /* Pods-ApepsKPITests.release.xcconfig */;
			buildSettings = {
				ALWAYS_EMBED_SWIFT_STANDARD_LIBRARIES = YES;
				BUNDLE_LOADER = "$(TEST_HOST)";
				CODE_SIGN_STYLE = Automatic;
				DEVELOPMENT_TEAM = 5BCDXKAUFJ;
				INFOPLIST_FILE = ApepsKPITests/Info.plist;
				LD_RUNPATH_SEARCH_PATHS = "$(inherited) @executable_path/Frameworks @loader_path/Frameworks";
				PRODUCT_BUNDLE_IDENTIFIER = dekwin.ApepsKPITests;
				PRODUCT_NAME = "$(TARGET_NAME)";
				SWIFT_VERSION = 4.0;
				TARGETED_DEVICE_FAMILY = "1,2";
				TEST_HOST = "$(BUILT_PRODUCTS_DIR)/ApepsKPI.app/ApepsKPI";
			};
			name = Release;
		};
		782F694F200A3F0500F2509F /* Debug */ = {
			isa = XCBuildConfiguration;
			buildSettings = {
				ALWAYS_EMBED_SWIFT_STANDARD_LIBRARIES = YES;
				CODE_SIGN_STYLE = Automatic;
				DEVELOPMENT_TEAM = 5BCDXKAUFJ;
				INFOPLIST_FILE = ApepsKPIUITests/Info.plist;
				LD_RUNPATH_SEARCH_PATHS = "$(inherited) @executable_path/Frameworks @loader_path/Frameworks";
				PRODUCT_BUNDLE_IDENTIFIER = dekwin.ApepsKPIUITests;
				PRODUCT_NAME = "$(TARGET_NAME)";
				SWIFT_VERSION = 4.0;
				TARGETED_DEVICE_FAMILY = "1,2";
				TEST_TARGET_NAME = ApepsKPI;
			};
			name = Debug;
		};
		782F6950200A3F0500F2509F /* Release */ = {
			isa = XCBuildConfiguration;
			buildSettings = {
				ALWAYS_EMBED_SWIFT_STANDARD_LIBRARIES = YES;
				CODE_SIGN_STYLE = Automatic;
				DEVELOPMENT_TEAM = 5BCDXKAUFJ;
				INFOPLIST_FILE = ApepsKPIUITests/Info.plist;
				LD_RUNPATH_SEARCH_PATHS = "$(inherited) @executable_path/Frameworks @loader_path/Frameworks";
				PRODUCT_BUNDLE_IDENTIFIER = dekwin.ApepsKPIUITests;
				PRODUCT_NAME = "$(TARGET_NAME)";
				SWIFT_VERSION = 4.0;
				TARGETED_DEVICE_FAMILY = "1,2";
				TEST_TARGET_NAME = ApepsKPI;
			};
			name = Release;
		};
/* End XCBuildConfiguration section */

/* Begin XCConfigurationList section */
		782F691B200A3F0500F2509F /* Build configuration list for PBXProject "ApepsKPI" */ = {
			isa = XCConfigurationList;
			buildConfigurations = (
				782F6946200A3F0500F2509F /* Debug */,
				782F6947200A3F0500F2509F /* Release */,
			);
			defaultConfigurationIsVisible = 0;
			defaultConfigurationName = Release;
		};
		782F6948200A3F0500F2509F /* Build configuration list for PBXNativeTarget "ApepsKPI" */ = {
			isa = XCConfigurationList;
			buildConfigurations = (
				782F6949200A3F0500F2509F /* Debug */,
				782F694A200A3F0500F2509F /* Release */,
			);
			defaultConfigurationIsVisible = 0;
			defaultConfigurationName = Release;
		};
		782F694B200A3F0500F2509F /* Build configuration list for PBXNativeTarget "ApepsKPITests" */ = {
			isa = XCConfigurationList;
			buildConfigurations = (
				782F694C200A3F0500F2509F /* Debug */,
				782F694D200A3F0500F2509F /* Release */,
			);
			defaultConfigurationIsVisible = 0;
			defaultConfigurationName = Release;
		};
		782F694E200A3F0500F2509F /* Build configuration list for PBXNativeTarget "ApepsKPIUITests" */ = {
			isa = XCConfigurationList;
			buildConfigurations = (
				782F694F200A3F0500F2509F /* Debug */,
				782F6950200A3F0500F2509F /* Release */,
			);
			defaultConfigurationIsVisible = 0;
			defaultConfigurationName = Release;
		};
/* End XCConfigurationList section */
	};
	rootObject = 782F6918200A3F0500F2509F /* Project object */;
}
